
Microsoft Visual Studio Solution File, Format Version 12.00
# Visual Studio 15
VisualStudioVersion = 15.0.26730.12
MinimumVisualStudioVersion = 10.0.40219.1
Project("{FAE04EC0-301F-11D3-BF4B-00C04F79EFBC}") = "DuplicateFinder", "DuplicateFinder\DuplicateFinder.csproj", "{BC9459DD-3673-4109-9202-35F343D39727}"
EndProject
Project("{FAE04EC0-301F-11D3-BF4B-00C04F79EFBC}") = "DuplicateFinderUnitTests", "DuplicateFinderUnitTests\DuplicateFinderUnitTests.csproj", "{CD0B20D2-F306-4658-B69B-C3CA18A3FFD9}"
EndProject
Global
	GlobalSection(SolutionConfigurationPlatforms) = preSolution
		Debug|Any CPU = Debug|Any CPU
		Release|Any CPU = Release|Any CPU
	EndGlobalSection
	GlobalSection(ProjectConfigurationPlatforms) = postSolution
		{BC9459DD-3673-4109-9202-35F343D39727}.Debug|Any CPU.ActiveCfg = Debug|Any CPU
		{BC9459DD-3673-4109-9202-35F343D39727}.Debug|Any CPU.Build.0 = Debug|Any CPU
		{BC9459DD-3673-4109-9202-35F343D39727}.Release|Any CPU.ActiveCfg = Release|Any CPU
		{BC9459DD-3673-4109-9202-35F343D39727}.Release|Any CPU.Build.0 = Release|Any CPU
		{CD0B20D2-F306-4658-B69B-C3CA18A3FFD9}.Debug|Any CPU.ActiveCfg = Debug|Any CPU
		{CD0B20D2-F306-4658-B69B-C3CA18A3FFD9}.Debug|Any CPU.Build.0 = Debug|Any CPU
		{CD0B20D2-F306-4658-B69B-C3CA18A3FFD9}.Release|Any CPU.ActiveCfg = Release|Any CPU
		{CD0B20D2-F306-4658-B69B-C3CA18A3FFD9}.Release|Any CPU.Build.0 = Release|Any CPU
	EndGlobalSection
	GlobalSection(SolutionProperties) = preSolution
		HideSolutionNode = FALSE
	EndGlobalSection
	GlobalSection(ExtensibilityGlobals) = postSolution
		SolutionGuid = {2C67F6C1-2DA1-4BA7-AC8B-23B96BC5D15D}
	EndGlobalSection
EndGlobal
